
Microsoft Visual Studio Solution File, Format Version 12.00
# Visual Studio Version 16
VisualStudioVersion = 16.0.29911.84
MinimumVisualStudioVersion = 10.0.40219.1
Project("{9A19103F-16F7-4668-BE54-9A1E7A4F7556}") = "BlazeVote", "BlazeVote\BlazeVote.csproj", "{BFED3E9F-CAAA-4312-9D58-B0C20EBB72A3}"
EndProject
Project("{FAE04EC0-301F-11D3-BF4B-00C04F79EFBC}") = "BlazeVoteNUnitTests", "BlazeVoteNUnitTests\BlazeVoteNUnitTests.csproj", "{43C8CED5-1DA1-419A-A109-69CE537C3795}"
EndProject
Global
	GlobalSection(SolutionConfigurationPlatforms) = preSolution
		Debug|Any CPU = Debug|Any CPU
		Release|Any CPU = Release|Any CPU
	EndGlobalSection
	GlobalSection(ProjectConfigurationPlatforms) = postSolution
		{BFED3E9F-CAAA-4312-9D58-B0C20EBB72A3}.Debug|Any CPU.ActiveCfg = Debug|Any CPU
		{BFED3E9F-CAAA-4312-9D58-B0C20EBB72A3}.Debug|Any CPU.Build.0 = Debug|Any CPU
		{BFED3E9F-CAAA-4312-9D58-B0C20EBB72A3}.Release|Any CPU.ActiveCfg = Release|Any CPU
		{BFED3E9F-CAAA-4312-9D58-B0C20EBB72A3}.Release|Any CPU.Build.0 = Release|Any CPU
		{43C8CED5-1DA1-419A-A109-69CE537C3795}.Debug|Any CPU.ActiveCfg = Debug|Any CPU
		{43C8CED5-1DA1-419A-A109-69CE537C3795}.Debug|Any CPU.Build.0 = Debug|Any CPU
		{43C8CED5-1DA1-419A-A109-69CE537C3795}.Release|Any CPU.ActiveCfg = Release|Any CPU
		{43C8CED5-1DA1-419A-A109-69CE537C3795}.Release|Any CPU.Build.0 = Release|Any CPU
	EndGlobalSection
	GlobalSection(SolutionProperties) = preSolution
		HideSolutionNode = FALSE
	EndGlobalSection
	GlobalSection(ExtensibilityGlobals) = postSolution
		SolutionGuid = {CD518F3F-3B61-4767-ADAA-29E9F1A478B9}
	EndGlobalSection
EndGlobal
